<?xml version="1.0" encoding="UTF-8"?>
<CONFIG>
  <ProjectOptions>
    <Version Value="9"/>
    <General>
      <Flags>
        <MainUnitHasCreateFormStatements Value="False"/>
        <MainUnitHasTitleStatement Value="False"/>
      </Flags>
      <SessionStorage Value="InProjectDir"/>
      <MainUnit Value="0"/>
      <Title Value="PasswordDialog"/>
      <UseAppBundle Value="False"/>
      <ResourceType Value="res"/>
    </General>
    <i18n>
      <EnableI18N LFM="False"/>
    </i18n>
    <VersionInfo>
      <StringTable ProductVersion=""/>
    </VersionInfo>
    <MacroValues Count="2">
      <Macro1 Name="PANDROID" Value="/usr/local/pandroid/pandroid"/>
      <Macro2 Name="JavaPackageName" Value="zeljus.com.passdialog"/>
    </MacroValues>
    <BuildModes Count="1">
      <Item1 Name="Default" Default="True"/>
      <SharedMatrixOptions Count="2">
        <Item1 ID="029710570552" Modes="Default" Type="IDEMacro" MacroName="PANDROID" Value="/usr/local/pandroid/pandroid"/>
        <Item2 ID="417476021979" Modes="Default" Type="IDEMacro" MacroName="JavaPackageName" Value="zeljus.com.passdialog"/>
      </SharedMatrixOptions>
    </BuildModes>
    <PublishOptions>
      <Version Value="2"/>
    </PublishOptions>
    <RunParams>
      <local>
        <FormatVersion Value="1"/>
      </local>
    </RunParams>
    <Units Count="2">
      <Unit0>
        <Filename Value="PasswordDialog.lpr"/>
        <IsPartOfProject Value="True"/>
      </Unit0>
      <Unit1>
        <Filename Value="AZCUserPasswordDialogs.pas"/>
        <IsPartOfProject Value="True"/>
      </Unit1>
    </Units>
  </ProjectOptions>
  <CompilerOptions>
    <Version Value="11"/>
    <Target>
      <Filename Value="PasswordDialog"/>
    </Target>
    <SearchPaths>
      <IncludeFiles Value="$(ProjOutDir)"/>
      <OtherUnitFiles Value="/usr/local/pandroid/units/"/>
      <UnitOutputDirectory Value="android/bin/classes"/>
    </SearchPaths>
    <CodeGeneration>
      <TargetCPU Value="jvm"/>
      <TargetOS Value="android"/>
    </CodeGeneration>
    <Linking>
      <Debugging>
        <GenerateDebugInfo Value="False"/>
      </Debugging>
    </Linking>
    <Other>
      <CompilerPath Value="$(CompPath) "/>
      <ExecuteBefore>
        <Command Value="$(PANDROID) B $(CompPath) $(ProjPath) $(JavaPackageName) $(ProjFile) $(FPCSrcDir)"/>
      </ExecuteBefore>
    </Other>
    <CompileReasons Build="False"/>
  </CompilerOptions>
  <Debugging>
    <Exceptions Count="3">
      <Item1>
        <Name Value="EAbort"/>
      </Item1>
      <Item2>
        <Name Value="ECodetoolError"/>
      </Item2>
      <Item3>
        <Name Value="EFOpenError"/>
      </Item3>
    </Exceptions>
  </Debugging>
</CONFIG>
